
Microsoft Visual Studio Solution File, Format Version 12.00
# Visual Studio Version 17
VisualStudioVersion = 17.14.36414.22 d17.14
MinimumVisualStudioVersion = 10.0.40219.1
Project("{FAE04EC0-301F-11D3-BF4B-00C04F79EFBC}") = "Using LINQ with DataTables", "Using LINQ with DataTables\Using LINQ with DataTables.csproj", "{3E5EE5E0-43DC-4EAC-A680-63027EE1C59D}"
EndProject
Global
	GlobalSection(SolutionConfigurationPlatforms) = preSolution
		Debug|Any CPU = Debug|Any CPU
		Release|Any CPU = Release|Any CPU
	EndGlobalSection
	GlobalSection(ProjectConfigurationPlatforms) = postSolution
		{3E5EE5E0-43DC-4EAC-A680-63027EE1C59D}.Debug|Any CPU.ActiveCfg = Debug|Any CPU
		{3E5EE5E0-43DC-4EAC-A680-63027EE1C59D}.Debug|Any CPU.Build.0 = Debug|Any CPU
		{3E5EE5E0-43DC-4EAC-A680-63027EE1C59D}.Release|Any CPU.ActiveCfg = Release|Any CPU
		{3E5EE5E0-43DC-4EAC-A680-63027EE1C59D}.Release|Any CPU.Build.0 = Release|Any CPU
	EndGlobalSection
	GlobalSection(SolutionProperties) = preSolution
		HideSolutionNode = FALSE
	EndGlobalSection
	GlobalSection(ExtensibilityGlobals) = postSolution
		SolutionGuid = {DDEE914E-D94F-4316-A8D1-A28E6CEF9209}
	EndGlobalSection
EndGlobal
